Microsoft Visual Studio Solution File, Format Version 12.00
# Visual Studio Version 17
VisualStudioVersion = 17.5.2.0
MinimumVisualStudioVersion = 10.0.40219.1
Project("{FAE04EC0-301F-11D3-BF4B-00C04F79EFBC}") = "HelloWorld", "HelloWorld\HelloWorld.csproj", "{3A798C92-DA22-B784-11D5-249F2DEA19E6}"
EndProject
Project("{FAE04EC0-301F-11D3-BF4B-00C04F79EFBC}") = "HelloWorldClassicSyntax", "HelloWorldClassicSyntax\HelloWorldClassicSyntax.csproj", "{77C79159-10FE-B0FE-ED08-83DEEDB2F6D4}"
EndProject
Global
	GlobalSection(SolutionConfigurationPlatforms) = preSolution
		Debug|Any CPU = Debug|Any CPU
		Release|Any CPU = Release|Any CPU
	EndGlobalSection
	GlobalSection(ProjectConfigurationPlatforms) = postSolution
		{3A798C92-DA22-B784-11D5-249F2DEA19E6}.Debug|Any CPU.ActiveCfg = Debug|Any CPU
		{3A798C92-DA22-B784-11D5-249F2DEA19E6}.Debug|Any CPU.Build.0 = Debug|Any CPU
		{3A798C92-DA22-B784-11D5-249F2DEA19E6}.Release|Any CPU.ActiveCfg = Release|Any CPU
		{3A798C92-DA22-B784-11D5-249F2DEA19E6}.Release|Any CPU.Build.0 = Release|Any CPU
		{77C79159-10FE-B0FE-ED08-83DEEDB2F6D4}.Debug|Any CPU.ActiveCfg = Debug|Any CPU
		{77C79159-10FE-B0FE-ED08-83DEEDB2F6D4}.Debug|Any CPU.Build.0 = Debug|Any CPU
		{77C79159-10FE-B0FE-ED08-83DEEDB2F6D4}.Release|Any CPU.ActiveCfg = Release|Any CPU
		{77C79159-10FE-B0FE-ED08-83DEEDB2F6D4}.Release|Any CPU.Build.0 = Release|Any CPU
	EndGlobalSection
	GlobalSection(SolutionProperties) = preSolution
		HideSolutionNode = FALSE
	EndGlobalSection
	GlobalSection(ExtensibilityGlobals) = postSolution
		SolutionGuid = {A4A3A9AE-F200-47F2-AD85-76FDDBAE23EE}
	EndGlobalSection
EndGlobal
